
Microsoft Visual Studio Solution File, Format Version 12.00
# Visual Studio Version 16
VisualStudioVersion = 16.0.29609.76
MinimumVisualStudioVersion = 10.0.40219.1
Project("{FAE04EC0-301F-11D3-BF4B-00C04F79EFBC}") = "Skocko", "Skocko\Skocko.csproj", "{FBE6F3D2-EB00-45C4-ABDD-EB86D556751D}"
EndProject
Global
	GlobalSection(SolutionConfigurationPlatforms) = preSolution
		Debug|Any CPU = Debug|Any CPU
		Release|Any CPU = Release|Any CPU
	EndGlobalSection
	GlobalSection(ProjectConfigurationPlatforms) = postSolution
		{FBE6F3D2-EB00-45C4-ABDD-EB86D556751D}.Debug|Any CPU.ActiveCfg = Debug|Any CPU
		{FBE6F3D2-EB00-45C4-ABDD-EB86D556751D}.Debug|Any CPU.Build.0 = Debug|Any CPU
		{FBE6F3D2-EB00-45C4-ABDD-EB86D556751D}.Release|Any CPU.ActiveCfg = Release|Any CPU
		{FBE6F3D2-EB00-45C4-ABDD-EB86D556751D}.Release|Any CPU.Build.0 = Release|Any CPU
	EndGlobalSection
	GlobalSection(SolutionProperties) = preSolution
		HideSolutionNode = FALSE
	EndGlobalSection
	GlobalSection(ExtensibilityGlobals) = postSolution
		SolutionGuid = {B92F9680-47CB-48B0-90F7-7CF937B6FB16}
	EndGlobalSection
EndGlobal
